
Microsoft Visual Studio Solution File, Format Version 12.00
# Visual Studio Version 17
VisualStudioVersion = 17.7.34202.233
MinimumVisualStudioVersion = 10.0.40219.1
Project("{8BC9CEB8-8B4A-11D0-8D11-00A0C91BC942}") = "Lab5", "Lab5\Lab5.vcxproj", "{28A022BC-2B4C-4223-88EA-9DADB87F884F}"
EndProject
Global
	GlobalSection(SolutionConfigurationPlatforms) = preSolution
		Debug|x64 = Debug|x64
		Debug|x86 = Debug|x86
		Release|x64 = Release|x64
		Release|x86 = Release|x86
	EndGlobalSection
	GlobalSection(ProjectConfigurationPlatforms) = postSolution
		{28A022BC-2B4C-4223-88EA-9DADB87F884F}.Debug|x64.ActiveCfg = Debug|x64
		{28A022BC-2B4C-4223-88EA-9DADB87F884F}.Debug|x64.Build.0 = Debug|x64
		{28A022BC-2B4C-4223-88EA-9DADB87F884F}.Debug|x86.ActiveCfg = Debug|Win32
		{28A022BC-2B4C-4223-88EA-9DADB87F884F}.Debug|x86.Build.0 = Debug|Win32
		{28A022BC-2B4C-4223-88EA-9DADB87F884F}.Release|x64.ActiveCfg = Release|x64
		{28A022BC-2B4C-4223-88EA-9DADB87F884F}.Release|x64.Build.0 = Release|x64
		{28A022BC-2B4C-4223-88EA-9DADB87F884F}.Release|x86.ActiveCfg = Release|Win32
		{28A022BC-2B4C-4223-88EA-9DADB87F884F}.Release|x86.Build.0 = Release|Win32
	EndGlobalSection
	GlobalSection(SolutionProperties) = preSolution
		HideSolutionNode = FALSE
	EndGlobalSection
	GlobalSection(ExtensibilityGlobals) = postSolution
		SolutionGuid = {362C1E65-3A8A-4F67-B003-9DCDE8DFE204}
	EndGlobalSection
EndGlobal
